
Microsoft Visual Studio Solution File, Format Version 12.00
# Visual Studio Version 17
VisualStudioVersion = 17.6.33723.286
MinimumVisualStudioVersion = 10.0.40219.1
Project("{FAE04EC0-301F-11D3-BF4B-00C04F79EFBC}") = "CSharpUnitTest", "CSharpUnitTest\CSharpUnitTest.csproj", "{321F3939-FF98-47FE-A411-86AB8E7D24FD}"
EndProject
Project("{FAE04EC0-301F-11D3-BF4B-00C04F79EFBC}") = "TestProject", "TestProject\TestProject.csproj", "{DB3712BC-E992-497F-95F1-DE5AFA08805C}"
EndProject
Global
	GlobalSection(SolutionConfigurationPlatforms) = preSolution
		Debug|Any CPU = Debug|Any CPU
		Release|Any CPU = Release|Any CPU
	EndGlobalSection
	GlobalSection(ProjectConfigurationPlatforms) = postSolution
		{321F3939-FF98-47FE-A411-86AB8E7D24FD}.Debug|Any CPU.ActiveCfg = Debug|Any CPU
		{321F3939-FF98-47FE-A411-86AB8E7D24FD}.Debug|Any CPU.Build.0 = Debug|Any CPU
		{321F3939-FF98-47FE-A411-86AB8E7D24FD}.Release|Any CPU.ActiveCfg = Release|Any CPU
		{321F3939-FF98-47FE-A411-86AB8E7D24FD}.Release|Any CPU.Build.0 = Release|Any CPU
		{DB3712BC-E992-497F-95F1-DE5AFA08805C}.Debug|Any CPU.ActiveCfg = Debug|Any CPU
		{DB3712BC-E992-497F-95F1-DE5AFA08805C}.Debug|Any CPU.Build.0 = Debug|Any CPU
		{DB3712BC-E992-497F-95F1-DE5AFA08805C}.Release|Any CPU.ActiveCfg = Release|Any CPU
		{DB3712BC-E992-497F-95F1-DE5AFA08805C}.Release|Any CPU.Build.0 = Release|Any CPU
	EndGlobalSection
	GlobalSection(SolutionProperties) = preSolution
		HideSolutionNode = FALSE
	EndGlobalSection
	GlobalSection(ExtensibilityGlobals) = postSolution
		SolutionGuid = {BB616417-A7AE-49B5-B0AC-3AE805263734}
	EndGlobalSection
EndGlobal
